
Microsoft Visual Studio Solution File, Format Version 12.00
# Visual Studio Version 16
VisualStudioVersion = 16.0.30503.244
MinimumVisualStudioVersion = 10.0.40219.1
Project("{FAE04EC0-301F-11D3-BF4B-00C04F79EFBC}") = "ThreeMatchPazzle", "ThreeMatchPazzle\ThreeMatchPazzle.csproj", "{D6694463-99F6-43DE-87E1-9AF8E7F658FB}"
EndProject
Project("{FAE04EC0-301F-11D3-BF4B-00C04F79EFBC}") = "ThreeMatchPazzle.Model", "ThreeMatchPazzle.Model\ThreeMatchPazzle.Model.csproj", "{D171FF57-085E-4560-8A1C-93022471C286}"
EndProject
Global
	GlobalSection(SolutionConfigurationPlatforms) = preSolution
		Debug|Any CPU = Debug|Any CPU
		Release|Any CPU = Release|Any CPU
	EndGlobalSection
	GlobalSection(ProjectConfigurationPlatforms) = postSolution
		{D6694463-99F6-43DE-87E1-9AF8E7F658FB}.Debug|Any CPU.ActiveCfg = Debug|Any CPU
		{D6694463-99F6-43DE-87E1-9AF8E7F658FB}.Debug|Any CPU.Build.0 = Debug|Any CPU
		{D6694463-99F6-43DE-87E1-9AF8E7F658FB}.Release|Any CPU.ActiveCfg = Release|Any CPU
		{D6694463-99F6-43DE-87E1-9AF8E7F658FB}.Release|Any CPU.Build.0 = Release|Any CPU
		{D171FF57-085E-4560-8A1C-93022471C286}.Debug|Any CPU.ActiveCfg = Debug|Any CPU
		{D171FF57-085E-4560-8A1C-93022471C286}.Debug|Any CPU.Build.0 = Debug|Any CPU
		{D171FF57-085E-4560-8A1C-93022471C286}.Release|Any CPU.ActiveCfg = Release|Any CPU
		{D171FF57-085E-4560-8A1C-93022471C286}.Release|Any CPU.Build.0 = Release|Any CPU
	EndGlobalSection
	GlobalSection(SolutionProperties) = preSolution
		HideSolutionNode = FALSE
	EndGlobalSection
	GlobalSection(ExtensibilityGlobals) = postSolution
		SolutionGuid = {DBD1CAB4-0228-4D9C-BFB6-BD839F5283F1}
	EndGlobalSection
EndGlobal
